
Microsoft Visual Studio Solution File, Format Version 12.00
# Visual Studio Version 16
VisualStudioVersion = 16.0.29806.167
MinimumVisualStudioVersion = 10.0.40219.1
Project("{2150E333-8FDC-42A3-9474-1A3956D46DE8}") = "Solution Items", "Solution Items", "{1036FACE-6A53-42ED-B1C1-0002E9BAA3EF}"
	ProjectSection(SolutionItems) = preProject
		.gitignore = .gitignore
		.gitmodules = .gitmodules
		BadDependency.PNG = BadDependency.PNG
		CODEOWNERS = CODEOWNERS
		Example.PNG = Example.PNG
		LICENSE = LICENSE
		README.md = README.md
	EndProjectSection
EndProject
Project("{9A19103F-16F7-4668-BE54-9A1E7A4F7556}") = "FNA.Core", "FNA\FNA.Core.csproj", "{AFDB2C40-F23C-4139-A21F-46A593C2A87B}"
EndProject
Project("{2150E333-8FDC-42A3-9474-1A3956D46DE8}") = "MonoGame", "MonoGame", "{4EF70DBD-06A1-4A99-BAC1-0A637986A23D}"
EndProject
Project("{2150E333-8FDC-42A3-9474-1A3956D46DE8}") = "FNA", "FNA", "{63F57368-C601-4517-B2BF-E4A90AB50432}"
EndProject
Project("{9A19103F-16F7-4668-BE54-9A1E7A4F7556}") = "Velentr.Font.Monogame", "Velentr.Font.Monogame\Velentr.Font.Monogame.csproj", "{FF7B65DA-EADD-48EF-A8A6-BC74F1C49F7A}"
EndProject
Project("{9A19103F-16F7-4668-BE54-9A1E7A4F7556}") = "Velentr.Font.FNA", "Velentr.Font.FNA\Velentr.Font.FNA.csproj", "{5C078EED-2110-441A-B035-B64448331ACC}"
EndProject
Project("{FAE04EC0-301F-11D3-BF4B-00C04F79EFBC}") = "FNA", "FNA\FNA.csproj", "{35253CE1-C864-4CD3-8249-4D1319748E8F}"
EndProject
Project("{2150E333-8FDC-42A3-9474-1A3956D46DE8}") = "Core", "Core", "{0C917F86-4FB7-4B9F-ADA5-9E2FFEA1A630}"
EndProject
Project("{9A19103F-16F7-4668-BE54-9A1E7A4F7556}") = "Velentr.Font", "Velentr.Font\Velentr.Font.csproj", "{D4BA7BCC-6453-42D4-ADDC-F0B9E251B8AE}"
EndProject
Project("{9A19103F-16F7-4668-BE54-9A1E7A4F7556}") = "Velentr.Font.DevEnv", "Velentr.Font.DevEnv\Velentr.Font.DevEnv.csproj", "{DAF5FD47-E521-4C3E-957A-39396087412C}"
EndProject
Project("{9A19103F-16F7-4668-BE54-9A1E7A4F7556}") = "Velentr.Font.FNA.DevEnv", "Velentr.Font.FNA.DevEnv\Velentr.Font.FNA.DevEnv.csproj", "{98FA26C8-9CD9-42D4-A9BD-1EF91F35FA96}"
EndProject
Project("{9A19103F-16F7-4668-BE54-9A1E7A4F7556}") = "Velentr.Font.Monogame.DevEnv", "Velentr.Font.Monogame.DevEnv\Velentr.Font.Monogame.DevEnv.csproj", "{A8C229E5-B7B0-4601-854B-386800ED3C04}"
EndProject
Global
	GlobalSection(SolutionConfigurationPlatforms) = preSolution
		Debug|Any CPU = Debug|Any CPU
		Debug|x64 = Debug|x64
		Debug|x86 = Debug|x86
		Release|Any CPU = Release|Any CPU
		Release|x64 = Release|x64
		Release|x86 = Release|x86
	EndGlobalSection
	GlobalSection(ProjectConfigurationPlatforms) = postSolution
		{AFDB2C40-F23C-4139-A21F-46A593C2A87B}.Debug|Any CPU.ActiveCfg = Debug|x64
		{AFDB2C40-F23C-4139-A21F-46A593C2A87B}.Debug|x64.ActiveCfg = Debug|x64
		{AFDB2C40-F23C-4139-A21F-46A593C2A87B}.Debug|x64.Build.0 = Debug|x64
		{AFDB2C40-F23C-4139-A21F-46A593C2A87B}.Debug|x86.ActiveCfg = Debug|x64
		{AFDB2C40-F23C-4139-A21F-46A593C2A87B}.Release|Any CPU.ActiveCfg = Release|x64
		{AFDB2C40-F23C-4139-A21F-46A593C2A87B}.Release|x64.ActiveCfg = Release|x64
		{AFDB2C40-F23C-4139-A21F-46A593C2A87B}.Release|x64.Build.0 = Release|x64
		{AFDB2C40-F23C-4139-A21F-46A593C2A87B}.Release|x86.ActiveCfg = Release|x64
		{FF7B65DA-EADD-48EF-A8A6-BC74F1C49F7A}.Debug|Any CPU.ActiveCfg = Debug|Any CPU
		{FF7B65DA-EADD-48EF-A8A6-BC74F1C49F7A}.Debug|Any CPU.Build.0 = Debug|Any CPU
		{FF7B65DA-EADD-48EF-A8A6-BC74F1C49F7A}.Debug|x64.ActiveCfg = Debug|Any CPU
		{FF7B65DA-EADD-48EF-A8A6-BC74F1C49F7A}.Debug|x64.Build.0 = Debug|Any CPU
		{FF7B65DA-EADD-48EF-A8A6-BC74F1C49F7A}.Debug|x86.ActiveCfg = Debug|Any CPU
		{FF7B65DA-EADD-48EF-A8A6-BC74F1C49F7A}.Debug|x86.Build.0 = Debug|Any CPU
		{FF7B65DA-EADD-48EF-A8A6-BC74F1C49F7A}.Release|Any CPU.ActiveCfg = Release|Any CPU
		{FF7B65DA-EADD-48EF-A8A6-BC74F1C49F7A}.Release|Any CPU.Build.0 = Release|Any CPU
		{FF7B65DA-EADD-48EF-A8A6-BC74F1C49F7A}.Release|x64.ActiveCfg = Release|Any CPU
		{FF7B65DA-EADD-48EF-A8A6-BC74F1C49F7A}.Release|x64.Build.0 = Release|Any CPU
		{FF7B65DA-EADD-48EF-A8A6-BC74F1C49F7A}.Release|x86.ActiveCfg = Release|Any CPU
		{FF7B65DA-EADD-48EF-A8A6-BC74F1C49F7A}.Release|x86.Build.0 = Release|Any CPU
		{5C078EED-2110-441A-B035-B64448331ACC}.Debug|Any CPU.ActiveCfg = Debug|Any CPU
		{5C078EED-2110-441A-B035-B64448331ACC}.Debug|Any CPU.Build.0 = Debug|Any CPU
		{5C078EED-2110-441A-B035-B64448331ACC}.Debug|x64.ActiveCfg = Debug|Any CPU
		{5C078EED-2110-441A-B035-B64448331ACC}.Debug|x64.Build.0 = Debug|Any CPU
		{5C078EED-2110-441A-B035-B64448331ACC}.Debug|x86.ActiveCfg = Debug|Any CPU
		{5C078EED-2110-441A-B035-B64448331ACC}.Debug|x86.Build.0 = Debug|Any CPU
		{5C078EED-2110-441A-B035-B64448331ACC}.Release|Any CPU.ActiveCfg = Release|Any CPU
		{5C078EED-2110-441A-B035-B64448331ACC}.Release|Any CPU.Build.0 = Release|Any CPU
		{5C078EED-2110-441A-B035-B64448331ACC}.Release|x64.ActiveCfg = Release|Any CPU
		{5C078EED-2110-441A-B035-B64448331ACC}.Release|x64.Build.0 = Release|Any CPU
		{5C078EED-2110-441A-B035-B64448331ACC}.Release|x86.ActiveCfg = Release|Any CPU
		{5C078EED-2110-441A-B035-B64448331ACC}.Release|x86.Build.0 = Release|Any CPU
		{35253CE1-C864-4CD3-8249-4D1319748E8F}.Debug|Any CPU.ActiveCfg = Debug|Any CPU
		{35253CE1-C864-4CD3-8249-4D1319748E8F}.Debug|Any CPU.Build.0 = Debug|Any CPU
		{35253CE1-C864-4CD3-8249-4D1319748E8F}.Debug|x64.ActiveCfg = Debug|x64
		{35253CE1-C864-4CD3-8249-4D1319748E8F}.Debug|x64.Build.0 = Debug|x64
		{35253CE1-C864-4CD3-8249-4D1319748E8F}.Debug|x86.ActiveCfg = Debug|x86
		{35253CE1-C864-4CD3-8249-4D1319748E8F}.Debug|x86.Build.0 = Debug|x86
		{35253CE1-C864-4CD3-8249-4D1319748E8F}.Release|Any CPU.ActiveCfg = Release|Any CPU
		{35253CE1-C864-4CD3-8249-4D1319748E8F}.Release|Any CPU.Build.0 = Release|Any CPU
		{35253CE1-C864-4CD3-8249-4D1319748E8F}.Release|x64.ActiveCfg = Release|x64
		{35253CE1-C864-4CD3-8249-4D1319748E8F}.Release|x64.Build.0 = Release|x64
		{35253CE1-C864-4CD3-8249-4D1319748E8F}.Release|x86.ActiveCfg = Release|x86
		{35253CE1-C864-4CD3-8249-4D1319748E8F}.Release|x86.Build.0 = Release|x86
		{D4BA7BCC-6453-42D4-ADDC-F0B9E251B8AE}.Debug|Any CPU.ActiveCfg = Debug|Any CPU
		{D4BA7BCC-6453-42D4-ADDC-F0B9E251B8AE}.Debug|Any CPU.Build.0 = Debug|Any CPU
		{D4BA7BCC-6453-42D4-ADDC-F0B9E251B8AE}.Debug|x64.ActiveCfg = Debug|Any CPU
		{D4BA7BCC-6453-42D4-ADDC-F0B9E251B8AE}.Debug|x64.Build.0 = Debug|Any CPU
		{D4BA7BCC-6453-42D4-ADDC-F0B9E251B8AE}.Debug|x86.ActiveCfg = Debug|Any CPU
		{D4BA7BCC-6453-42D4-ADDC-F0B9E251B8AE}.Debug|x86.Build.0 = Debug|Any CPU
		{D4BA7BCC-6453-42D4-ADDC-F0B9E251B8AE}.Release|Any CPU.ActiveCfg = Release|Any CPU
		{D4BA7BCC-6453-42D4-ADDC-F0B9E251B8AE}.Release|Any CPU.Build.0 = Release|Any CPU
		{D4BA7BCC-6453-42D4-ADDC-F0B9E251B8AE}.Release|x64.ActiveCfg = Release|Any CPU
		{D4BA7BCC-6453-42D4-ADDC-F0B9E251B8AE}.Release|x64.Build.0 = Release|Any CPU
		{D4BA7BCC-6453-42D4-ADDC-F0B9E251B8AE}.Release|x86.ActiveCfg = Release|Any CPU
		{D4BA7BCC-6453-42D4-ADDC-F0B9E251B8AE}.Release|x86.Build.0 = Release|Any CPU
		{DAF5FD47-E521-4C3E-957A-39396087412C}.Debug|Any CPU.ActiveCfg = Debug|Any CPU
		{DAF5FD47-E521-4C3E-957A-39396087412C}.Debug|Any CPU.Build.0 = Debug|Any CPU
		{DAF5FD47-E521-4C3E-957A-39396087412C}.Debug|x64.ActiveCfg = Debug|x64
		{DAF5FD47-E521-4C3E-957A-39396087412C}.Debug|x64.Build.0 = Debug|x64
		{DAF5FD47-E521-4C3E-957A-39396087412C}.Debug|x86.ActiveCfg = Debug|x86
		{DAF5FD47-E521-4C3E-957A-39396087412C}.Debug|x86.Build.0 = Debug|x86
		{DAF5FD47-E521-4C3E-957A-39396087412C}.Release|Any CPU.ActiveCfg = Release|Any CPU
		{DAF5FD47-E521-4C3E-957A-39396087412C}.Release|Any CPU.Build.0 = Release|Any CPU
		{DAF5FD47-E521-4C3E-957A-39396087412C}.Release|x64.ActiveCfg = Release|x64
		{DAF5FD47-E521-4C3E-957A-39396087412C}.Release|x64.Build.0 = Release|x64
		{DAF5FD47-E521-4C3E-957A-39396087412C}.Release|x86.ActiveCfg = Release|x86
		{DAF5FD47-E521-4C3E-957A-39396087412C}.Release|x86.Build.0 = Release|x86
		{98FA26C8-9CD9-42D4-A9BD-1EF91F35FA96}.Debug|Any CPU.ActiveCfg = Debug|Any CPU
		{98FA26C8-9CD9-42D4-A9BD-1EF91F35FA96}.Debug|Any CPU.Build.0 = Debug|Any CPU
		{98FA26C8-9CD9-42D4-A9BD-1EF91F35FA96}.Debug|x64.ActiveCfg = Debug|x64
		{98FA26C8-9CD9-42D4-A9BD-1EF91F35FA96}.Debug|x64.Build.0 = Debug|x64
		{98FA26C8-9CD9-42D4-A9BD-1EF91F35FA96}.Debug|x86.ActiveCfg = Debug|x86
		{98FA26C8-9CD9-42D4-A9BD-1EF91F35FA96}.Debug|x86.Build.0 = Debug|x86
		{98FA26C8-9CD9-42D4-A9BD-1EF91F35FA96}.Release|Any CPU.ActiveCfg = Release|Any CPU
		{98FA26C8-9CD9-42D4-A9BD-1EF91F35FA96}.Release|Any CPU.Build.0 = Release|Any CPU
		{98FA26C8-9CD9-42D4-A9BD-1EF91F35FA96}.Release|x64.ActiveCfg = Release|x64
		{98FA26C8-9CD9-42D4-A9BD-1EF91F35FA96}.Release|x64.Build.0 = Release|x64
		{98FA26C8-9CD9-42D4-A9BD-1EF91F35FA96}.Release|x86.ActiveCfg = Release|x86
		{98FA26C8-9CD9-42D4-A9BD-1EF91F35FA96}.Release|x86.Build.0 = Release|x86
		{A8C229E5-B7B0-4601-854B-386800ED3C04}.Debug|Any CPU.ActiveCfg = Debug|Any CPU
		{A8C229E5-B7B0-4601-854B-386800ED3C04}.Debug|Any CPU.Build.0 = Debug|Any CPU
		{A8C229E5-B7B0-4601-854B-386800ED3C04}.Debug|x64.ActiveCfg = Debug|x64
		{A8C229E5-B7B0-4601-854B-386800ED3C04}.Debug|x64.Build.0 = Debug|x64
		{A8C229E5-B7B0-4601-854B-386800ED3C04}.Debug|x86.ActiveCfg = Debug|x86
		{A8C229E5-B7B0-4601-854B-386800ED3C04}.Debug|x86.Build.0 = Debug|x86
		{A8C229E5-B7B0-4601-854B-386800ED3C04}.Release|Any CPU.ActiveCfg = Release|Any CPU
		{A8C229E5-B7B0-4601-854B-386800ED3C04}.Release|Any CPU.Build.0 = Release|Any CPU
		{A8C229E5-B7B0-4601-854B-386800ED3C04}.Release|x64.ActiveCfg = Release|x64
		{A8C229E5-B7B0-4601-854B-386800ED3C04}.Release|x64.Build.0 = Release|x64
		{A8C229E5-B7B0-4601-854B-386800ED3C04}.Release|x86.ActiveCfg = Release|x86
		{A8C229E5-B7B0-4601-854B-386800ED3C04}.Release|x86.Build.0 = Release|x86
	EndGlobalSection
	GlobalSection(SolutionProperties) = preSolution
		HideSolutionNode = FALSE
	EndGlobalSection
	GlobalSection(NestedProjects) = preSolution
		{AFDB2C40-F23C-4139-A21F-46A593C2A87B} = {63F57368-C601-4517-B2BF-E4A90AB50432}
		{FF7B65DA-EADD-48EF-A8A6-BC74F1C49F7A} = {4EF70DBD-06A1-4A99-BAC1-0A637986A23D}
		{5C078EED-2110-441A-B035-B64448331ACC} = {63F57368-C601-4517-B2BF-E4A90AB50432}
		{35253CE1-C864-4CD3-8249-4D1319748E8F} = {63F57368-C601-4517-B2BF-E4A90AB50432}
		{D4BA7BCC-6453-42D4-ADDC-F0B9E251B8AE} = {0C917F86-4FB7-4B9F-ADA5-9E2FFEA1A630}
		{DAF5FD47-E521-4C3E-957A-39396087412C} = {0C917F86-4FB7-4B9F-ADA5-9E2FFEA1A630}
		{98FA26C8-9CD9-42D4-A9BD-1EF91F35FA96} = {63F57368-C601-4517-B2BF-E4A90AB50432}
		{A8C229E5-B7B0-4601-854B-386800ED3C04} = {4EF70DBD-06A1-4A99-BAC1-0A637986A23D}
	EndGlobalSection
	GlobalSection(ExtensibilityGlobals) = postSolution
		SolutionGuid = {1D55B5BF-F2FF-4F6A-852F-9D3EAB7B7A9A}
	EndGlobalSection
EndGlobal
