
Microsoft Visual Studio Solution File, Format Version 12.00
# Visual Studio Version 17
VisualStudioVersion = 17.0.31912.275
MinimumVisualStudioVersion = 10.0.40219.1
Project("{2150E333-8FDC-42A3-9474-1A3956D46DE8}") = "Solution Items", "Solution Items", "{1036FACE-6A53-42ED-B1C1-0002E9BAA3EF}"
	ProjectSection(SolutionItems) = preProject
		.gitignore = .gitignore
		.gitmodules = .gitmodules
		BadDependency.PNG = BadDependency.PNG
		CODEOWNERS = CODEOWNERS
		Example.PNG = Example.PNG
		LICENSE = LICENSE
		README.md = README.md
	EndProjectSection
EndProject
Project("{9A19103F-16F7-4668-BE54-9A1E7A4F7556}") = "FNA.Core", "FNA\FNA.Core.csproj", "{AFDB2C40-F23C-4139-A21F-46A593C2A87B}"
EndProject
Project("{2150E333-8FDC-42A3-9474-1A3956D46DE8}") = "MonoGame", "MonoGame", "{4EF70DBD-06A1-4A99-BAC1-0A637986A23D}"
EndProject
Project("{2150E333-8FDC-42A3-9474-1A3956D46DE8}") = "FNA", "FNA", "{63F57368-C601-4517-B2BF-E4A90AB50432}"
EndProject
Project("{9A19103F-16F7-4668-BE54-9A1E7A4F7556}") = "Velentr.Font.Monogame", "Velentr.Font.Monogame\Velentr.Font.Monogame.csproj", "{FF7B65DA-EADD-48EF-A8A6-BC74F1C49F7A}"
EndProject
Project("{9A19103F-16F7-4668-BE54-9A1E7A4F7556}") = "Velentr.Font.FNA", "Velentr.Font.FNA\Velentr.Font.FNA.csproj", "{5C078EED-2110-441A-B035-B64448331ACC}"
EndProject
Project("{2150E333-8FDC-42A3-9474-1A3956D46DE8}") = "Core", "Core", "{0C917F86-4FB7-4B9F-ADA5-9E2FFEA1A630}"
EndProject
Project("{9A19103F-16F7-4668-BE54-9A1E7A4F7556}") = "Velentr.Font.FNA.DevEnv", "Velentr.Font.FNA.DevEnv\Velentr.Font.FNA.DevEnv.csproj", "{98FA26C8-9CD9-42D4-A9BD-1EF91F35FA96}"
EndProject
Project("{9A19103F-16F7-4668-BE54-9A1E7A4F7556}") = "Velentr.Font.Monogame.DevEnv", "Velentr.Font.Monogame.DevEnv\Velentr.Font.Monogame.DevEnv.csproj", "{A8C229E5-B7B0-4601-854B-386800ED3C04}"
EndProject
Project("{D954291E-2A0B-460D-934E-DC6B0785DB48}") = "Velentr.Font.DevEnv", "Velentr.Font.DevEnv\Velentr.Font.DevEnv.shproj", "{3A1A739F-4FF1-4A5F-AE05-C1C71269E471}"
EndProject
Project("{D954291E-2A0B-460D-934E-DC6B0785DB48}") = "Velentr.Font", "Velentr.Font\Velentr.Font.shproj", "{2095BC84-2EF2-49E6-853A-5DDC228E3FC9}"
EndProject
Global
	GlobalSection(SharedMSBuildProjectFiles) = preSolution
		Velentr.Font\Velentr.Font.projitems*{2095bc84-2ef2-49e6-853a-5ddc228e3fc9}*SharedItemsImports = 13
		Velentr.Font.DevEnv\Velentr.Font.DevEnv.projitems*{3a1a739f-4ff1-4a5f-ae05-c1c71269e471}*SharedItemsImports = 13
		Velentr.Font\Velentr.Font.projitems*{5c078eed-2110-441a-b035-b64448331acc}*SharedItemsImports = 5
		Velentr.Font\Velentr.Font.projitems*{ff7b65da-eadd-48ef-a8a6-bc74f1c49f7a}*SharedItemsImports = 5
	EndGlobalSection
	GlobalSection(SolutionConfigurationPlatforms) = preSolution
		Debug|Any CPU = Debug|Any CPU
		Debug|x64 = Debug|x64
		Debug|x86 = Debug|x86
		Release|Any CPU = Release|Any CPU
		Release|x64 = Release|x64
		Release|x86 = Release|x86
	EndGlobalSection
	GlobalSection(ProjectConfigurationPlatforms) = postSolution
		{AFDB2C40-F23C-4139-A21F-46A593C2A87B}.Debug|Any CPU.ActiveCfg = Debug|x64
		{AFDB2C40-F23C-4139-A21F-46A593C2A87B}.Debug|x64.ActiveCfg = Debug|x64
		{AFDB2C40-F23C-4139-A21F-46A593C2A87B}.Debug|x64.Build.0 = Debug|x64
		{AFDB2C40-F23C-4139-A21F-46A593C2A87B}.Debug|x86.ActiveCfg = Debug|x64
		{AFDB2C40-F23C-4139-A21F-46A593C2A87B}.Release|Any CPU.ActiveCfg = Release|x64
		{AFDB2C40-F23C-4139-A21F-46A593C2A87B}.Release|x64.ActiveCfg = Release|x64
		{AFDB2C40-F23C-4139-A21F-46A593C2A87B}.Release|x64.Build.0 = Release|x64
		{AFDB2C40-F23C-4139-A21F-46A593C2A87B}.Release|x86.ActiveCfg = Release|x64
		{FF7B65DA-EADD-48EF-A8A6-BC74F1C49F7A}.Debug|Any CPU.ActiveCfg = Debug|Any CPU
		{FF7B65DA-EADD-48EF-A8A6-BC74F1C49F7A}.Debug|Any CPU.Build.0 = Debug|Any CPU
		{FF7B65DA-EADD-48EF-A8A6-BC74F1C49F7A}.Debug|x64.ActiveCfg = Debug|Any CPU
		{FF7B65DA-EADD-48EF-A8A6-BC74F1C49F7A}.Debug|x64.Build.0 = Debug|Any CPU
		{FF7B65DA-EADD-48EF-A8A6-BC74F1C49F7A}.Debug|x86.ActiveCfg = Debug|Any CPU
		{FF7B65DA-EADD-48EF-A8A6-BC74F1C49F7A}.Debug|x86.Build.0 = Debug|Any CPU
		{FF7B65DA-EADD-48EF-A8A6-BC74F1C49F7A}.Release|Any CPU.ActiveCfg = Release|Any CPU
		{FF7B65DA-EADD-48EF-A8A6-BC74F1C49F7A}.Release|Any CPU.Build.0 = Release|Any CPU
		{FF7B65DA-EADD-48EF-A8A6-BC74F1C49F7A}.Release|x64.ActiveCfg = Release|Any CPU
		{FF7B65DA-EADD-48EF-A8A6-BC74F1C49F7A}.Release|x64.Build.0 = Release|Any CPU
		{FF7B65DA-EADD-48EF-A8A6-BC74F1C49F7A}.Release|x86.ActiveCfg = Release|Any CPU
		{FF7B65DA-EADD-48EF-A8A6-BC74F1C49F7A}.Release|x86.Build.0 = Release|Any CPU
		{5C078EED-2110-441A-B035-B64448331ACC}.Debug|Any CPU.ActiveCfg = Debug|Any CPU
		{5C078EED-2110-441A-B035-B64448331ACC}.Debug|Any CPU.Build.0 = Debug|Any CPU
		{5C078EED-2110-441A-B035-B64448331ACC}.Debug|x64.ActiveCfg = Debug|Any CPU
		{5C078EED-2110-441A-B035-B64448331ACC}.Debug|x64.Build.0 = Debug|Any CPU
		{5C078EED-2110-441A-B035-B64448331ACC}.Debug|x86.ActiveCfg = Debug|Any CPU
		{5C078EED-2110-441A-B035-B64448331ACC}.Debug|x86.Build.0 = Debug|Any CPU
		{5C078EED-2110-441A-B035-B64448331ACC}.Release|Any CPU.ActiveCfg = Release|Any CPU
		{5C078EED-2110-441A-B035-B64448331ACC}.Release|Any CPU.Build.0 = Release|Any CPU
		{5C078EED-2110-441A-B035-B64448331ACC}.Release|x64.ActiveCfg = Release|Any CPU
		{5C078EED-2110-441A-B035-B64448331ACC}.Release|x64.Build.0 = Release|Any CPU
		{5C078EED-2110-441A-B035-B64448331ACC}.Release|x86.ActiveCfg = Release|Any CPU
		{5C078EED-2110-441A-B035-B64448331ACC}.Release|x86.Build.0 = Release|Any CPU
		{98FA26C8-9CD9-42D4-A9BD-1EF91F35FA96}.Debug|Any CPU.ActiveCfg = Debug|Any CPU
		{98FA26C8-9CD9-42D4-A9BD-1EF91F35FA96}.Debug|Any CPU.Build.0 = Debug|Any CPU
		{98FA26C8-9CD9-42D4-A9BD-1EF91F35FA96}.Debug|x64.ActiveCfg = Debug|x64
		{98FA26C8-9CD9-42D4-A9BD-1EF91F35FA96}.Debug|x64.Build.0 = Debug|x64
		{98FA26C8-9CD9-42D4-A9BD-1EF91F35FA96}.Debug|x86.ActiveCfg = Debug|x86
		{98FA26C8-9CD9-42D4-A9BD-1EF91F35FA96}.Debug|x86.Build.0 = Debug|x86
		{98FA26C8-9CD9-42D4-A9BD-1EF91F35FA96}.Release|Any CPU.ActiveCfg = Release|Any CPU
		{98FA26C8-9CD9-42D4-A9BD-1EF91F35FA96}.Release|Any CPU.Build.0 = Release|Any CPU
		{98FA26C8-9CD9-42D4-A9BD-1EF91F35FA96}.Release|x64.ActiveCfg = Release|x64
		{98FA26C8-9CD9-42D4-A9BD-1EF91F35FA96}.Release|x64.Build.0 = Release|x64
		{98FA26C8-9CD9-42D4-A9BD-1EF91F35FA96}.Release|x86.ActiveCfg = Release|x86
		{98FA26C8-9CD9-42D4-A9BD-1EF91F35FA96}.Release|x86.Build.0 = Release|x86
		{A8C229E5-B7B0-4601-854B-386800ED3C04}.Debug|Any CPU.ActiveCfg = Debug|Any CPU
		{A8C229E5-B7B0-4601-854B-386800ED3C04}.Debug|Any CPU.Build.0 = Debug|Any CPU
		{A8C229E5-B7B0-4601-854B-386800ED3C04}.Debug|x64.ActiveCfg = Debug|x64
		{A8C229E5-B7B0-4601-854B-386800ED3C04}.Debug|x64.Build.0 = Debug|x64
		{A8C229E5-B7B0-4601-854B-386800ED3C04}.Debug|x86.ActiveCfg = Debug|x86
		{A8C229E5-B7B0-4601-854B-386800ED3C04}.Debug|x86.Build.0 = Debug|x86
		{A8C229E5-B7B0-4601-854B-386800ED3C04}.Release|Any CPU.ActiveCfg = Release|Any CPU
		{A8C229E5-B7B0-4601-854B-386800ED3C04}.Release|Any CPU.Build.0 = Release|Any CPU
		{A8C229E5-B7B0-4601-854B-386800ED3C04}.Release|x64.ActiveCfg = Release|x64
		{A8C229E5-B7B0-4601-854B-386800ED3C04}.Release|x64.Build.0 = Release|x64
		{A8C229E5-B7B0-4601-854B-386800ED3C04}.Release|x86.ActiveCfg = Release|x86
		{A8C229E5-B7B0-4601-854B-386800ED3C04}.Release|x86.Build.0 = Release|x86
	EndGlobalSection
	GlobalSection(SolutionProperties) = preSolution
		HideSolutionNode = FALSE
	EndGlobalSection
	GlobalSection(NestedProjects) = preSolution
		{AFDB2C40-F23C-4139-A21F-46A593C2A87B} = {63F57368-C601-4517-B2BF-E4A90AB50432}
		{FF7B65DA-EADD-48EF-A8A6-BC74F1C49F7A} = {4EF70DBD-06A1-4A99-BAC1-0A637986A23D}
		{5C078EED-2110-441A-B035-B64448331ACC} = {63F57368-C601-4517-B2BF-E4A90AB50432}
		{98FA26C8-9CD9-42D4-A9BD-1EF91F35FA96} = {63F57368-C601-4517-B2BF-E4A90AB50432}
		{A8C229E5-B7B0-4601-854B-386800ED3C04} = {4EF70DBD-06A1-4A99-BAC1-0A637986A23D}
		{3A1A739F-4FF1-4A5F-AE05-C1C71269E471} = {0C917F86-4FB7-4B9F-ADA5-9E2FFEA1A630}
		{2095BC84-2EF2-49E6-853A-5DDC228E3FC9} = {0C917F86-4FB7-4B9F-ADA5-9E2FFEA1A630}
	EndGlobalSection
	GlobalSection(ExtensibilityGlobals) = postSolution
		SolutionGuid = {1D55B5BF-F2FF-4F6A-852F-9D3EAB7B7A9A}
	EndGlobalSection
EndGlobal
